
Microsoft Visual Studio Solution File, Format Version 12.00
# Visual Studio Version 16
VisualStudioVersion = 16.0.30028.174
MinimumVisualStudioVersion = 10.0.40219.1
Project("{FAE04EC0-301F-11D3-BF4B-00C04F79EFBC}") = "Dilution.Android", "Dilution\Dilution.Android\Dilution.Android.csproj", "{DE9A03AB-AABB-4813-8690-C8EEBB445B2B}"
EndProject
Project("{FAE04EC0-301F-11D3-BF4B-00C04F79EFBC}") = "Dilution.iOS", "Dilution\Dilution.iOS\Dilution.iOS.csproj", "{1FCF807B-CA2C-4F97-B22B-1A76EC40BF9D}"
EndProject
Project("{9A19103F-16F7-4668-BE54-9A1E7A4F7556}") = "Dilution", "Dilution\Dilution\Dilution.csproj", "{24D0B4EE-AAAA-45E3-84B0-8CD8F118CF43}"
EndProject
Global
	GlobalSection(SolutionConfigurationPlatforms) = preSolution
		Debug|Any CPU = Debug|Any CPU
		Debug|iPhone = Debug|iPhone
		Debug|iPhoneSimulator = Debug|iPhoneSimulator
		Release|Any CPU = Release|Any CPU
		Release|iPhone = Release|iPhone
		Release|iPhoneSimulator = Release|iPhoneSimulator
	EndGlobalSection
	GlobalSection(ProjectConfigurationPlatforms) = postSolution
		{DE9A03AB-AABB-4813-8690-C8EEBB445B2B}.Debug|Any CPU.ActiveCfg = Debug|Any CPU
		{DE9A03AB-AABB-4813-8690-C8EEBB445B2B}.Debug|Any CPU.Build.0 = Debug|Any CPU
		{DE9A03AB-AABB-4813-8690-C8EEBB445B2B}.Debug|Any CPU.Deploy.0 = Debug|Any CPU
		{DE9A03AB-AABB-4813-8690-C8EEBB445B2B}.Debug|iPhone.ActiveCfg = Debug|Any CPU
		{DE9A03AB-AABB-4813-8690-C8EEBB445B2B}.Debug|iPhone.Build.0 = Debug|Any CPU
		{DE9A03AB-AABB-4813-8690-C8EEBB445B2B}.Debug|iPhone.Deploy.0 = Debug|Any CPU
		{DE9A03AB-AABB-4813-8690-C8EEBB445B2B}.Debug|iPhoneSimulator.ActiveCfg = Debug|Any CPU
		{DE9A03AB-AABB-4813-8690-C8EEBB445B2B}.Debug|iPhoneSimulator.Build.0 = Debug|Any CPU
		{DE9A03AB-AABB-4813-8690-C8EEBB445B2B}.Debug|iPhoneSimulator.Deploy.0 = Debug|Any CPU
		{DE9A03AB-AABB-4813-8690-C8EEBB445B2B}.Release|Any CPU.ActiveCfg = Release|Any CPU
		{DE9A03AB-AABB-4813-8690-C8EEBB445B2B}.Release|Any CPU.Build.0 = Release|Any CPU
		{DE9A03AB-AABB-4813-8690-C8EEBB445B2B}.Release|Any CPU.Deploy.0 = Release|Any CPU
		{DE9A03AB-AABB-4813-8690-C8EEBB445B2B}.Release|iPhone.ActiveCfg = Release|Any CPU
		{DE9A03AB-AABB-4813-8690-C8EEBB445B2B}.Release|iPhone.Build.0 = Release|Any CPU
		{DE9A03AB-AABB-4813-8690-C8EEBB445B2B}.Release|iPhone.Deploy.0 = Release|Any CPU
		{DE9A03AB-AABB-4813-8690-C8EEBB445B2B}.Release|iPhoneSimulator.ActiveCfg = Release|Any CPU
		{DE9A03AB-AABB-4813-8690-C8EEBB445B2B}.Release|iPhoneSimulator.Build.0 = Release|Any CPU
		{DE9A03AB-AABB-4813-8690-C8EEBB445B2B}.Release|iPhoneSimulator.Deploy.0 = Release|Any CPU
		{1FCF807B-CA2C-4F97-B22B-1A76EC40BF9D}.Debug|Any CPU.ActiveCfg = Debug|iPhone
		{1FCF807B-CA2C-4F97-B22B-1A76EC40BF9D}.Debug|Any CPU.Build.0 = Debug|iPhone
		{1FCF807B-CA2C-4F97-B22B-1A76EC40BF9D}.Debug|Any CPU.Deploy.0 = Debug|iPhone
		{1FCF807B-CA2C-4F97-B22B-1A76EC40BF9D}.Debug|iPhone.ActiveCfg = Debug|iPhone
		{1FCF807B-CA2C-4F97-B22B-1A76EC40BF9D}.Debug|iPhone.Build.0 = Debug|iPhone
		{1FCF807B-CA2C-4F97-B22B-1A76EC40BF9D}.Debug|iPhone.Deploy.0 = Debug|iPhone
		{1FCF807B-CA2C-4F97-B22B-1A76EC40BF9D}.Debug|iPhoneSimulator.ActiveCfg = Debug|iPhoneSimulator
		{1FCF807B-CA2C-4F97-B22B-1A76EC40BF9D}.Debug|iPhoneSimulator.Build.0 = Debug|iPhoneSimulator
		{1FCF807B-CA2C-4F97-B22B-1A76EC40BF9D}.Debug|iPhoneSimulator.Deploy.0 = Debug|iPhoneSimulator
		{1FCF807B-CA2C-4F97-B22B-1A76EC40BF9D}.Release|Any CPU.ActiveCfg = Release|iPhone
		{1FCF807B-CA2C-4F97-B22B-1A76EC40BF9D}.Release|Any CPU.Build.0 = Release|iPhone
		{1FCF807B-CA2C-4F97-B22B-1A76EC40BF9D}.Release|Any CPU.Deploy.0 = Release|iPhone
		{1FCF807B-CA2C-4F97-B22B-1A76EC40BF9D}.Release|iPhone.ActiveCfg = Release|iPhone
		{1FCF807B-CA2C-4F97-B22B-1A76EC40BF9D}.Release|iPhone.Build.0 = Release|iPhone
		{1FCF807B-CA2C-4F97-B22B-1A76EC40BF9D}.Release|iPhone.Deploy.0 = Release|iPhone
		{1FCF807B-CA2C-4F97-B22B-1A76EC40BF9D}.Release|iPhoneSimulator.ActiveCfg = Release|iPhoneSimulator
		{1FCF807B-CA2C-4F97-B22B-1A76EC40BF9D}.Release|iPhoneSimulator.Build.0 = Release|iPhoneSimulator
		{1FCF807B-CA2C-4F97-B22B-1A76EC40BF9D}.Release|iPhoneSimulator.Deploy.0 = Release|iPhoneSimulator
		{24D0B4EE-AAAA-45E3-84B0-8CD8F118CF43}.Debug|Any CPU.ActiveCfg = Debug|Any CPU
		{24D0B4EE-AAAA-45E3-84B0-8CD8F118CF43}.Debug|Any CPU.Build.0 = Debug|Any CPU
		{24D0B4EE-AAAA-45E3-84B0-8CD8F118CF43}.Debug|Any CPU.Deploy.0 = Debug|Any CPU
		{24D0B4EE-AAAA-45E3-84B0-8CD8F118CF43}.Debug|iPhone.ActiveCfg = Debug|Any CPU
		{24D0B4EE-AAAA-45E3-84B0-8CD8F118CF43}.Debug|iPhone.Build.0 = Debug|Any CPU
		{24D0B4EE-AAAA-45E3-84B0-8CD8F118CF43}.Debug|iPhone.Deploy.0 = Debug|Any CPU
		{24D0B4EE-AAAA-45E3-84B0-8CD8F118CF43}.Debug|iPhoneSimulator.ActiveCfg = Debug|Any CPU
		{24D0B4EE-AAAA-45E3-84B0-8CD8F118CF43}.Debug|iPhoneSimulator.Build.0 = Debug|Any CPU
		{24D0B4EE-AAAA-45E3-84B0-8CD8F118CF43}.Debug|iPhoneSimulator.Deploy.0 = Debug|Any CPU
		{24D0B4EE-AAAA-45E3-84B0-8CD8F118CF43}.Release|Any CPU.ActiveCfg = Release|Any CPU
		{24D0B4EE-AAAA-45E3-84B0-8CD8F118CF43}.Release|Any CPU.Build.0 = Release|Any CPU
		{24D0B4EE-AAAA-45E3-84B0-8CD8F118CF43}.Release|Any CPU.Deploy.0 = Release|Any CPU
		{24D0B4EE-AAAA-45E3-84B0-8CD8F118CF43}.Release|iPhone.ActiveCfg = Release|Any CPU
		{24D0B4EE-AAAA-45E3-84B0-8CD8F118CF43}.Release|iPhone.Build.0 = Release|Any CPU
		{24D0B4EE-AAAA-45E3-84B0-8CD8F118CF43}.Release|iPhone.Deploy.0 = Release|Any CPU
		{24D0B4EE-AAAA-45E3-84B0-8CD8F118CF43}.Release|iPhoneSimulator.ActiveCfg = Release|Any CPU
		{24D0B4EE-AAAA-45E3-84B0-8CD8F118CF43}.Release|iPhoneSimulator.Build.0 = Release|Any CPU
		{24D0B4EE-AAAA-45E3-84B0-8CD8F118CF43}.Release|iPhoneSimulator.Deploy.0 = Release|Any CPU
	EndGlobalSection
	GlobalSection(SolutionProperties) = preSolution
		HideSolutionNode = FALSE
	EndGlobalSection
	GlobalSection(ExtensibilityGlobals) = postSolution
		SolutionGuid = {60CC0B3E-B362-4C6F-B744-562AAE7346FE}
	EndGlobalSection
EndGlobal
